// !$*UTF8*$!
{
	archiveVersion = 1;
	classes = {
	};
	objectVersion = 51;
	objects = {

/* Begin PBXBuildFile section */
		7F1B58768295D9004E5F5D5B /* Pods_olympicsApp.framework in Frameworks */ = {isa = PBXBuildFile; fileRef = 97CE885ACB263D2A3E39DA66 /* Pods_olympicsApp.framework */; };
		881367E02310155100CB8756 /* GameOverViewController.swift in Sources */ = {isa = PBXBuildFile; fileRef = 881367DF2310155100CB8756 /* GameOverViewController.swift */; };
		881367E32310284700CB8756 /* GameOver.storyboard in Resources */ = {isa = PBXBuildFile; fileRef = 881367E12310284700CB8756 /* GameOver.storyboard */; };
		885742A62316069A00CB9D13 /* CanoingPlayer.atlas in Resources */ = {isa = PBXBuildFile; fileRef = 885742A52316069A00CB9D13 /* CanoingPlayer.atlas */; };
		8871F402230C3240004CD4DE /* BodyMasks.swift in Sources */ = {isa = PBXBuildFile; fileRef = 8871F401230C3240004CD4DE /* BodyMasks.swift */; };
		9D22C4DC230AC80100C08520 /* CanoingPlayer.swift in Sources */ = {isa = PBXBuildFile; fileRef = 9D22C4DB230AC80100C08520 /* CanoingPlayer.swift */; };
		9D53182023057BF800EEA671 /* AppDelegate.swift in Sources */ = {isa = PBXBuildFile; fileRef = 9D53181F23057BF800EEA671 /* AppDelegate.swift */; };
		9D53182223057BF800EEA671 /* CanoingGameScene.sks in Resources */ = {isa = PBXBuildFile; fileRef = 9D53182123057BF800EEA671 /* CanoingGameScene.sks */; };
		9D53182423057BF800EEA671 /* Actions.sks in Resources */ = {isa = PBXBuildFile; fileRef = 9D53182323057BF800EEA671 /* Actions.sks */; };
		9D53182623057BF800EEA671 /* CanoingGameScene.swift in Sources */ = {isa = PBXBuildFile; fileRef = 9D53182523057BF800EEA671 /* CanoingGameScene.swift */; };
		9D53182823057BF800EEA671 /* GameViewController.swift in Sources */ = {isa = PBXBuildFile; fileRef = 9D53182723057BF800EEA671 /* GameViewController.swift */; };
		9D53182B23057BF800EEA671 /* Main.storyboard in Resources */ = {isa = PBXBuildFile; fileRef = 9D53182923057BF800EEA671 /* Main.storyboard */; };
		9D53182D23057BF900EEA671 /* Assets.xcassets in Resources */ = {isa = PBXBuildFile; fileRef = 9D53182C23057BF900EEA671 /* Assets.xcassets */; };
		9D53183023057BF900EEA671 /* LaunchScreen.storyboard in Resources */ = {isa = PBXBuildFile; fileRef = 9D53182E23057BF900EEA671 /* LaunchScreen.storyboard */; };
		9D5318422306D37C00EEA671 /* CanoingBackground.sks in Resources */ = {isa = PBXBuildFile; fileRef = 9D5318412306D37C00EEA671 /* CanoingBackground.sks */; };
		9D5318442306D75800EEA671 /* GameObject.swift in Sources */ = {isa = PBXBuildFile; fileRef = 9D5318432306D75800EEA671 /* GameObject.swift */; };
		9D5318462306D8B700EEA671 /* CanoingBackground.swift in Sources */ = {isa = PBXBuildFile; fileRef = 9D5318452306D8B700EEA671 /* CanoingBackground.swift */; };
		9D5318482306EA0300EEA671 /* SpawningRocks.swift in Sources */ = {isa = PBXBuildFile; fileRef = 9D5318472306EA0300EEA671 /* SpawningRocks.swift */; };
		9D53184A2306EBC200EEA671 /* CanoingRocks.swift in Sources */ = {isa = PBXBuildFile; fileRef = 9D5318492306EBC200EEA671 /* CanoingRocks.swift */; };
		9D53184D230830E100EEA671 /* SpawningFood.swift in Sources */ = {isa = PBXBuildFile; fileRef = 9D53184C230830E100EEA671 /* SpawningFood.swift */; };
		9D53184F2308310B00EEA671 /* CanoingFood.swift in Sources */ = {isa = PBXBuildFile; fileRef = 9D53184E2308310B00EEA671 /* CanoingFood.swift */; };
		9DFBEEC8230EC88000961437 /* Model.swift in Sources */ = {isa = PBXBuildFile; fileRef = 9DFBEEC7230EC88000961437 /* Model.swift */; };
		D120550723059E4700AF0C91 /* GameCell.swift in Sources */ = {isa = PBXBuildFile; fileRef = D120550623059E4700AF0C91 /* GameCell.swift */; };
		D12055092305A2FC00AF0C91 /* Esportes.swift in Sources */ = {isa = PBXBuildFile; fileRef = D12055082305A2FC00AF0C91 /* Esportes.swift */; };
		D120550B2305A34E00AF0C91 /* Esporte.swift in Sources */ = {isa = PBXBuildFile; fileRef = D120550A2305A34E00AF0C91 /* Esporte.swift */; };
		D120550D2305AC0F00AF0C91 /* ProfileAndSportsViewController.swift in Sources */ = {isa = PBXBuildFile; fileRef = D120550C2305AC0F00AF0C91 /* ProfileAndSportsViewController.swift */; };
		D13BAF392308BA0E0044D687 /* DAOItemsStore.swift in Sources */ = {isa = PBXBuildFile; fileRef = D13BAF382308BA0E0044D687 /* DAOItemsStore.swift */; };
		D13BAF3D2308BBB90044D687 /* ItemStore.swift in Sources */ = {isa = PBXBuildFile; fileRef = D13BAF3C2308BBB90044D687 /* ItemStore.swift */; };
		D13BAF402308BD9F0044D687 /* ItemStoreCell.swift in Sources */ = {isa = PBXBuildFile; fileRef = D13BAF3F2308BD9F0044D687 /* ItemStoreCell.swift */; };
		D13BAF422308BE300044D687 /* StoreViewController.swift in Sources */ = {isa = PBXBuildFile; fileRef = D13BAF412308BE300044D687 /* StoreViewController.swift */; };
		D13BAF482308C2640044D687 /* AllItems.swift in Sources */ = {isa = PBXBuildFile; fileRef = D13BAF472308C2640044D687 /* AllItems.swift */; };
		D13D936923089E2F00D6FB10 /* GoogleService-Info.plist in Resources */ = {isa = PBXBuildFile; fileRef = D13D936823089E2F00D6FB10 /* GoogleService-Info.plist */; };
		D1D3B6752317568C00B7303E /* ToolbarPickerView.swift in Sources */ = {isa = PBXBuildFile; fileRef = D1D3B6742317568C00B7303E /* ToolbarPickerView.swift */; };
		D1D3B677231756BE00B7303E /* StoreCategories.swift in Sources */ = {isa = PBXBuildFile; fileRef = D1D3B676231756BE00B7303E /* StoreCategories.swift */; };
		D1D3B6792317575600B7303E /* PreferencesViewController.swift in Sources */ = {isa = PBXBuildFile; fileRef = D1D3B6782317575600B7303E /* PreferencesViewController.swift */; };
		D1D3B67B2317579A00B7303E /* StoreGameScene.sks in Resources */ = {isa = PBXBuildFile; fileRef = D1D3B67A2317579A00B7303E /* StoreGameScene.sks */; };
		D1D3B67D23175C1700B7303E /* StoreGameScene.swift in Sources */ = {isa = PBXBuildFile; fileRef = D1D3B67C23175C1700B7303E /* StoreGameScene.swift */; };
		D1D3B67F23175E8100B7303E /* Preferences.swift in Sources */ = {isa = PBXBuildFile; fileRef = D1D3B67E23175E8100B7303E /* Preferences.swift */; };
		D1D3B6812317F7D500B7303E /* Outfit.swift in Sources */ = {isa = PBXBuildFile; fileRef = D1D3B6802317F7D400B7303E /* Outfit.swift */; };
/* End PBXBuildFile section */

/* Begin PBXFileReference section */
		881367DF2310155100CB8756 /* GameOverViewController.swift */ = {isa = PBXFileReference; lastKnownFileType = sourcecode.swift; path = GameOverViewController.swift; sourceTree = "<group>"; };
		881367E22310284700CB8756 /* Base */ = {isa = PBXFileReference; lastKnownFileType = file.storyboard; name = Base; path = Base.lproj/GameOver.storyboard; sourceTree = "<group>"; };
		885742A52316069A00CB9D13 /* CanoingPlayer.atlas */ = {isa = PBXFileReference; lastKnownFileType = folder.skatlas; path = CanoingPlayer.atlas; sourceTree = "<group>"; };
		8871F401230C3240004CD4DE /* BodyMasks.swift */ = {isa = PBXFileReference; lastKnownFileType = sourcecode.swift; path = BodyMasks.swift; sourceTree = "<group>"; };
		950BA595E2E1C2A93038B608 /* Pods-olympicsApp.release.xcconfig */ = {isa = PBXFileReference; includeInIndex = 1; lastKnownFileType = text.xcconfig; name = "Pods-olympicsApp.release.xcconfig"; path = "Target Support Files/Pods-olympicsApp/Pods-olympicsApp.release.xcconfig"; sourceTree = "<group>"; };
		97CE885ACB263D2A3E39DA66 /* Pods_olympicsApp.framework */ = {isa = PBXFileReference; explicitFileType = wrapper.framework; includeInIndex = 0; path = Pods_olympicsApp.framework; sourceTree = BUILT_PRODUCTS_DIR; };
		9D22C4DB230AC80100C08520 /* CanoingPlayer.swift */ = {isa = PBXFileReference; lastKnownFileType = sourcecode.swift; path = CanoingPlayer.swift; sourceTree = "<group>"; };
		9D53181C23057BF800EEA671 /* olympicsApp.app */ = {isa = PBXFileReference; explicitFileType = wrapper.application; includeInIndex = 0; path = olympicsApp.app; sourceTree = BUILT_PRODUCTS_DIR; };
		9D53181F23057BF800EEA671 /* AppDelegate.swift */ = {isa = PBXFileReference; lastKnownFileType = sourcecode.swift; path = AppDelegate.swift; sourceTree = "<group>"; };
		9D53182123057BF800EEA671 /* CanoingGameScene.sks */ = {isa = PBXFileReference; lastKnownFileType = file.sks; path = CanoingGameScene.sks; sourceTree = "<group>"; };
		9D53182323057BF800EEA671 /* Actions.sks */ = {isa = PBXFileReference; lastKnownFileType = file.sks; path = Actions.sks; sourceTree = "<group>"; };
		9D53182523057BF800EEA671 /* CanoingGameScene.swift */ = {isa = PBXFileReference; lastKnownFileType = sourcecode.swift; path = CanoingGameScene.swift; sourceTree = "<group>"; };
		9D53182723057BF800EEA671 /* GameViewController.swift */ = {isa = PBXFileReference; lastKnownFileType = sourcecode.swift; path = GameViewController.swift; sourceTree = "<group>"; };
		9D53182A23057BF800EEA671 /* Base */ = {isa = PBXFileReference; lastKnownFileType = file.storyboard; name = Base; path = Base.lproj/Main.storyboard; sourceTree = "<group>"; };
		9D53182C23057BF900EEA671 /* Assets.xcassets */ = {isa = PBXFileReference; lastKnownFileType = folder.assetcatalog; path = Assets.xcassets; sourceTree = "<group>"; };
		9D53182F23057BF900EEA671 /* Base */ = {isa = PBXFileReference; lastKnownFileType = file.storyboard; name = Base; path = Base.lproj/LaunchScreen.storyboard; sourceTree = "<group>"; };
		9D53183123057BF900EEA671 /* Info.plist */ = {isa = PBXFileReference; lastKnownFileType = text.plist.xml; path = Info.plist; sourceTree = "<group>"; };
		9D5318412306D37C00EEA671 /* CanoingBackground.sks */ = {isa = PBXFileReference; lastKnownFileType = file.sks; path = CanoingBackground.sks; sourceTree = "<group>"; };
		9D5318432306D75800EEA671 /* GameObject.swift */ = {isa = PBXFileReference; lastKnownFileType = sourcecode.swift; path = GameObject.swift; sourceTree = "<group>"; };
		9D5318452306D8B700EEA671 /* CanoingBackground.swift */ = {isa = PBXFileReference; lastKnownFileType = sourcecode.swift; path = CanoingBackground.swift; sourceTree = "<group>"; };
		9D5318472306EA0300EEA671 /* SpawningRocks.swift */ = {isa = PBXFileReference; lastKnownFileType = sourcecode.swift; path = SpawningRocks.swift; sourceTree = "<group>"; };
		9D5318492306EBC200EEA671 /* CanoingRocks.swift */ = {isa = PBXFileReference; lastKnownFileType = sourcecode.swift; path = CanoingRocks.swift; sourceTree = "<group>"; };
		9D53184C230830E100EEA671 /* SpawningFood.swift */ = {isa = PBXFileReference; lastKnownFileType = sourcecode.swift; path = SpawningFood.swift; sourceTree = "<group>"; };
		9D53184E2308310B00EEA671 /* CanoingFood.swift */ = {isa = PBXFileReference; lastKnownFileType = sourcecode.swift; path = CanoingFood.swift; sourceTree = "<group>"; };
		9DFBEEC7230EC88000961437 /* Model.swift */ = {isa = PBXFileReference; lastKnownFileType = sourcecode.swift; path = Model.swift; sourceTree = "<group>"; };
		D120550623059E4700AF0C91 /* GameCell.swift */ = {isa = PBXFileReference; lastKnownFileType = sourcecode.swift; path = GameCell.swift; sourceTree = "<group>"; };
		D12055082305A2FC00AF0C91 /* Esportes.swift */ = {isa = PBXFileReference; lastKnownFileType = sourcecode.swift; path = Esportes.swift; sourceTree = "<group>"; };
		D120550A2305A34E00AF0C91 /* Esporte.swift */ = {isa = PBXFileReference; lastKnownFileType = sourcecode.swift; path = Esporte.swift; sourceTree = "<group>"; };
		D120550C2305AC0F00AF0C91 /* ProfileAndSportsViewController.swift */ = {isa = PBXFileReference; lastKnownFileType = sourcecode.swift; path = ProfileAndSportsViewController.swift; sourceTree = "<group>"; };
		D13BAF382308BA0E0044D687 /* DAOItemsStore.swift */ = {isa = PBXFileReference; lastKnownFileType = sourcecode.swift; path = DAOItemsStore.swift; sourceTree = "<group>"; };
		D13BAF3C2308BBB90044D687 /* ItemStore.swift */ = {isa = PBXFileReference; lastKnownFileType = sourcecode.swift; path = ItemStore.swift; sourceTree = "<group>"; };
		D13BAF3F2308BD9F0044D687 /* ItemStoreCell.swift */ = {isa = PBXFileReference; lastKnownFileType = sourcecode.swift; path = ItemStoreCell.swift; sourceTree = "<group>"; };
		D13BAF412308BE300044D687 /* StoreViewController.swift */ = {isa = PBXFileReference; lastKnownFileType = sourcecode.swift; path = StoreViewController.swift; sourceTree = "<group>"; };
		D13BAF472308C2640044D687 /* AllItems.swift */ = {isa = PBXFileReference; lastKnownFileType = sourcecode.swift; path = AllItems.swift; sourceTree = "<group>"; };
		D13D936823089E2F00D6FB10 /* GoogleService-Info.plist */ = {isa = PBXFileReference; fileEncoding = 4; lastKnownFileType = text.plist.xml; path = "GoogleService-Info.plist"; sourceTree = "<group>"; };
		D1D3B6742317568C00B7303E /* ToolbarPickerView.swift */ = {isa = PBXFileReference; lastKnownFileType = sourcecode.swift; path = ToolbarPickerView.swift; sourceTree = "<group>"; };
		D1D3B676231756BE00B7303E /* StoreCategories.swift */ = {isa = PBXFileReference; lastKnownFileType = sourcecode.swift; path = StoreCategories.swift; sourceTree = "<group>"; };
		D1D3B6782317575600B7303E /* PreferencesViewController.swift */ = {isa = PBXFileReference; lastKnownFileType = sourcecode.swift; path = PreferencesViewController.swift; sourceTree = "<group>"; };
		D1D3B67A2317579A00B7303E /* StoreGameScene.sks */ = {isa = PBXFileReference; lastKnownFileType = file.sks; path = StoreGameScene.sks; sourceTree = "<group>"; };
		D1D3B67C23175C1700B7303E /* StoreGameScene.swift */ = {isa = PBXFileReference; lastKnownFileType = sourcecode.swift; path = StoreGameScene.swift; sourceTree = "<group>"; };
		D1D3B67E23175E8100B7303E /* Preferences.swift */ = {isa = PBXFileReference; lastKnownFileType = sourcecode.swift; path = Preferences.swift; sourceTree = "<group>"; };
		D1D3B6802317F7D400B7303E /* Outfit.swift */ = {isa = PBXFileReference; lastKnownFileType = sourcecode.swift; path = Outfit.swift; sourceTree = "<group>"; };
		F4A700BC825E266A6C09248E /* Pods-olympicsApp.debug.xcconfig */ = {isa = PBXFileReference; includeInIndex = 1; lastKnownFileType = text.xcconfig; name = "Pods-olympicsApp.debug.xcconfig"; path = "Target Support Files/Pods-olympicsApp/Pods-olympicsApp.debug.xcconfig"; sourceTree = "<group>"; };
/* End PBXFileReference section */

/* Begin PBXFrameworksBuildPhase section */
		9D53181923057BF800EEA671 /* Frameworks */ = {
			isa = PBXFrameworksBuildPhase;
			buildActionMask = 2147483647;
			files = (
				7F1B58768295D9004E5F5D5B /* Pods_olympicsApp.framework in Frameworks */,
			);
			runOnlyForDeploymentPostprocessing = 0;
		};
/* End PBXFrameworksBuildPhase section */

/* Begin PBXGroup section */
		075B0710D0C1A39AC79E58F8 /* Pods */ = {
			isa = PBXGroup;
			children = (
				F4A700BC825E266A6C09248E /* Pods-olympicsApp.debug.xcconfig */,
				950BA595E2E1C2A93038B608 /* Pods-olympicsApp.release.xcconfig */,
			);
			path = Pods;
			sourceTree = "<group>";
		};
		9D53181323057BF800EEA671 = {
			isa = PBXGroup;
			children = (
				885742A52316069A00CB9D13 /* CanoingPlayer.atlas */,
				9D53181E23057BF800EEA671 /* olympicsApp */,
				9D53181D23057BF800EEA671 /* Products */,
				075B0710D0C1A39AC79E58F8 /* Pods */,
				E15515220BF8C1B5537B7E26 /* Frameworks */,
			);
			sourceTree = "<group>";
		};
		9D53181D23057BF800EEA671 /* Products */ = {
			isa = PBXGroup;
			children = (
				9D53181C23057BF800EEA671 /* olympicsApp.app */,
			);
			name = Products;
			sourceTree = "<group>";
		};
		9D53181E23057BF800EEA671 /* olympicsApp */ = {
			isa = PBXGroup;
			children = (
				9D53183123057BF900EEA671 /* Info.plist */,
				9D53181F23057BF800EEA671 /* AppDelegate.swift */,
				D198C3132305924D0085A238 /* Model */,
				D198C317230592AE0085A238 /* Controller */,
				D198C316230592A50085A238 /* View */,
			);
			path = olympicsApp;
			sourceTree = "<group>";
		};
		9D5318402306D34400EEA671 /* TileMap */ = {
			isa = PBXGroup;
			children = (
				9D5318412306D37C00EEA671 /* CanoingBackground.sks */,
			);
			path = TileMap;
			sourceTree = "<group>";
		};
		9D53184B230830AE00EEA671 /* CanoingGame */ = {
			isa = PBXGroup;
			children = (
				9D5318452306D8B700EEA671 /* CanoingBackground.swift */,
				9D5318472306EA0300EEA671 /* SpawningRocks.swift */,
				9D5318492306EBC200EEA671 /* CanoingRocks.swift */,
				9D53184C230830E100EEA671 /* SpawningFood.swift */,
				9D53184E2308310B00EEA671 /* CanoingFood.swift */,
				9D22C4DB230AC80100C08520 /* CanoingPlayer.swift */,
			);
			path = CanoingGame;
			sourceTree = "<group>";
		};
		D120550523059DCE00AF0C91 /* Games Cells */ = {
			isa = PBXGroup;
			children = (
				D120550623059E4700AF0C91 /* GameCell.swift */,
			);
			path = "Games Cells";
			sourceTree = "<group>";
		};
		D13BAF3A2308BB860044D687 /* Store */ = {
			isa = PBXGroup;
			children = (
				D13BAF382308BA0E0044D687 /* DAOItemsStore.swift */,
				D13BAF3C2308BBB90044D687 /* ItemStore.swift */,
				D13BAF472308C2640044D687 /* AllItems.swift */,
				D1D3B676231756BE00B7303E /* StoreCategories.swift */,
			);
			path = Store;
			sourceTree = "<group>";
		};
		D13BAF3E2308BD3C0044D687 /* Store Cells */ = {
			isa = PBXGroup;
			children = (
				D13BAF3F2308BD9F0044D687 /* ItemStoreCell.swift */,
			);
			path = "Store Cells";
			sourceTree = "<group>";
		};
		D13BAF492308C2970044D687 /* SportsScreen */ = {
			isa = PBXGroup;
			children = (
				D12055082305A2FC00AF0C91 /* Esportes.swift */,
				D120550A2305A34E00AF0C91 /* Esporte.swift */,
			);
			path = SportsScreen;
			sourceTree = "<group>";
		};
		D198C3132305924D0085A238 /* Model */ = {
			isa = PBXGroup;
			children = (
				D1D3B6732317565300B7303E /* Interface */,
				8871F401230C3240004CD4DE /* BodyMasks.swift */,
				D13D936823089E2F00D6FB10 /* GoogleService-Info.plist */,
				9DFBEEC7230EC88000961437 /* Model.swift */,
				D1D3B6802317F7D400B7303E /* Outfit.swift */,
				D13BAF3A2308BB860044D687 /* Store */,
				D13BAF492308C2970044D687 /* SportsScreen */,
				D120550523059DCE00AF0C91 /* Games Cells */,
				D13BAF3E2308BD3C0044D687 /* Store Cells */,
				9D5318432306D75800EEA671 /* GameObject.swift */,
				9D53184B230830AE00EEA671 /* CanoingGame */,
				D1D3B67E23175E8100B7303E /* Preferences.swift */,
			);
			path = Model;
			sourceTree = "<group>";
		};
		D198C316230592A50085A238 /* View */ = {
			isa = PBXGroup;
			children = (
				9D5318402306D34400EEA671 /* TileMap */,
				9D53182C23057BF900EEA671 /* Assets.xcassets */,
				881367E12310284700CB8756 /* GameOver.storyboard */,
				9D53182123057BF800EEA671 /* CanoingGameScene.sks */,
				D1D3B67A2317579A00B7303E /* StoreGameScene.sks */,
				9D53182323057BF800EEA671 /* Actions.sks */,
				9D53182923057BF800EEA671 /* Main.storyboard */,
				9D53182E23057BF900EEA671 /* LaunchScreen.storyboard */,
			);
			path = View;
			sourceTree = "<group>";
		};
		D198C317230592AE0085A238 /* Controller */ = {
			isa = PBXGroup;
			children = (
				D198C319230593AE0085A238 /* Telas */,
				D198C318230593A60085A238 /* Games */,
			);
			path = Controller;
			sourceTree = "<group>";
		};
		D198C318230593A60085A238 /* Games */ = {
			isa = PBXGroup;
			children = (
				9D53182523057BF800EEA671 /* CanoingGameScene.swift */,
				D1D3B67C23175C1700B7303E /* StoreGameScene.swift */,
			);
			path = Games;
			sourceTree = "<group>";
		};
		D198C319230593AE0085A238 /* Telas */ = {
			isa = PBXGroup;
			children = (
				9D53182723057BF800EEA671 /* GameViewController.swift */,
				D120550C2305AC0F00AF0C91 /* ProfileAndSportsViewController.swift */,
				D13BAF412308BE300044D687 /* StoreViewController.swift */,
				881367DF2310155100CB8756 /* GameOverViewController.swift */,
				D1D3B6782317575600B7303E /* PreferencesViewController.swift */,
			);
			path = Telas;
			sourceTree = "<group>";
		};
		D1D3B6732317565300B7303E /* Interface */ = {
			isa = PBXGroup;
			children = (
				D1D3B6742317568C00B7303E /* ToolbarPickerView.swift */,
			);
			path = Interface;
			sourceTree = "<group>";
		};
		E15515220BF8C1B5537B7E26 /* Frameworks */ = {
			isa = PBXGroup;
			children = (
				97CE885ACB263D2A3E39DA66 /* Pods_olympicsApp.framework */,
			);
			name = Frameworks;
			sourceTree = "<group>";
		};
/* End PBXGroup section */

/* Begin PBXNativeTarget section */
		9D53181B23057BF800EEA671 /* olympicsApp */ = {
			isa = PBXNativeTarget;
			buildConfigurationList = 9D53183423057BF900EEA671 /* Build configuration list for PBXNativeTarget "olympicsApp" */;
			buildPhases = (
				19941F6160EB9A9352A45D1E /* [CP] Check Pods Manifest.lock */,
				9D53181823057BF800EEA671 /* Sources */,
				9D53181923057BF800EEA671 /* Frameworks */,
				9D53181A23057BF800EEA671 /* Resources */,
				77B355837B1EBEEE6D480340 /* [CP] Embed Pods Frameworks */,
				12514199F6AD66C52059E443 /* [CP] Copy Pods Resources */,
			);
			buildRules = (
			);
			dependencies = (
			);
			name = olympicsApp;
			productName = olympicsApp;
			productReference = 9D53181C23057BF800EEA671 /* olympicsApp.app */;
			productType = "com.apple.product-type.application";
		};
/* End PBXNativeTarget section */

/* Begin PBXProject section */
		9D53181423057BF800EEA671 /* Project object */ = {
			isa = PBXProject;
			attributes = {
				LastSwiftUpdateCheck = 1030;
				LastUpgradeCheck = 1030;
				ORGANIZATIONNAME = "Apple Developer Academy";
				TargetAttributes = {
					9D53181B23057BF800EEA671 = {
						CreatedOnToolsVersion = 10.3;
					};
				};
			};
			buildConfigurationList = 9D53181723057BF800EEA671 /* Build configuration list for PBXProject "olympicsApp" */;
			compatibilityVersion = "Xcode 9.3";
			developmentRegion = en;
			hasScannedForEncodings = 0;
			knownRegions = (
				en,
				Base,
			);
			mainGroup = 9D53181323057BF800EEA671;
			productRefGroup = 9D53181D23057BF800EEA671 /* Products */;
			projectDirPath = "";
			projectRoot = "";
			targets = (
				9D53181B23057BF800EEA671 /* olympicsApp */,
			);
		};
/* End PBXProject section */

/* Begin PBXResourcesBuildPhase section */
		9D53181A23057BF800EEA671 /* Resources */ = {
			isa = PBXResourcesBuildPhase;
			buildActionMask = 2147483647;
			files = (
				885742A62316069A00CB9D13 /* CanoingPlayer.atlas in Resources */,
				881367E32310284700CB8756 /* GameOver.storyboard in Resources */,
				9D53182B23057BF800EEA671 /* Main.storyboard in Resources */,
				9D5318422306D37C00EEA671 /* CanoingBackground.sks in Resources */,
				9D53182223057BF800EEA671 /* CanoingGameScene.sks in Resources */,
				9D53182D23057BF900EEA671 /* Assets.xcassets in Resources */,
				9D53183023057BF900EEA671 /* LaunchScreen.storyboard in Resources */,
				9D53182423057BF800EEA671 /* Actions.sks in Resources */,
				D1D3B67B2317579A00B7303E /* StoreGameScene.sks in Resources */,
				D13D936923089E2F00D6FB10 /* GoogleService-Info.plist in Resources */,
			);
			runOnlyForDeploymentPostprocessing = 0;
		};
/* End PBXResourcesBuildPhase section */

/* Begin PBXShellScriptBuildPhase section */
		12514199F6AD66C52059E443 /* [CP] Copy Pods Resources */ = {
			isa = PBXShellScriptBuildPhase;
			buildActionMask = 2147483647;
			files = (
			);
			inputFileListPaths = (
				"${PODS_ROOT}/Target Support Files/Pods-olympicsApp/Pods-olympicsApp-resources-${CONFIGURATION}-input-files.xcfilelist",
			);
			name = "[CP] Copy Pods Resources";
			outputFileListPaths = (
				"${PODS_ROOT}/Target Support Files/Pods-olympicsApp/Pods-olympicsApp-resources-${CONFIGURATION}-output-files.xcfilelist",
			);
			runOnlyForDeploymentPostprocessing = 0;
			shellPath = /bin/sh;
			shellScript = "\"${PODS_ROOT}/Target Support Files/Pods-olympicsApp/Pods-olympicsApp-resources.sh\"\n";
			showEnvVarsInLog = 0;
		};
		19941F6160EB9A9352A45D1E /* [CP] Check Pods Manifest.lock */ = {
			isa = PBXShellScriptBuildPhase;
			buildActionMask = 2147483647;
			files = (
			);
			inputFileListPaths = (
			);
			inputPaths = (
				"${PODS_PODFILE_DIR_PATH}/Podfile.lock",
				"${PODS_ROOT}/Manifest.lock",
			);
			name = "[CP] Check Pods Manifest.lock";
			outputFileListPaths = (
			);
			outputPaths = (
				"$(DERIVED_FILE_DIR)/Pods-olympicsApp-checkManifestLockResult.txt",
			);
			runOnlyForDeploymentPostprocessing = 0;
			shellPath = /bin/sh;
			shellScript = "diff \"${PODS_PODFILE_DIR_PATH}/Podfile.lock\" \"${PODS_ROOT}/Manifest.lock\" > /dev/null\nif [ $? != 0 ] ; then\n    # print error to STDERR\n    echo \"error: The sandbox is not in sync with the Podfile.lock. Run 'pod install' or update your CocoaPods installation.\" >&2\n    exit 1\nfi\n# This output is used by Xcode 'outputs' to avoid re-running this script phase.\necho \"SUCCESS\" > \"${SCRIPT_OUTPUT_FILE_0}\"\n";
			showEnvVarsInLog = 0;
		};
		77B355837B1EBEEE6D480340 /* [CP] Embed Pods Frameworks */ = {
			isa = PBXShellScriptBuildPhase;
			buildActionMask = 2147483647;
			files = (
			);
			inputFileListPaths = (
				"${PODS_ROOT}/Target Support Files/Pods-olympicsApp/Pods-olympicsApp-frameworks-${CONFIGURATION}-input-files.xcfilelist",
			);
			name = "[CP] Embed Pods Frameworks";
			outputFileListPaths = (
				"${PODS_ROOT}/Target Support Files/Pods-olympicsApp/Pods-olympicsApp-frameworks-${CONFIGURATION}-output-files.xcfilelist",
			);
			runOnlyForDeploymentPostprocessing = 0;
			shellPath = /bin/sh;
			shellScript = "\"${PODS_ROOT}/Target Support Files/Pods-olympicsApp/Pods-olympicsApp-frameworks.sh\"\n";
			showEnvVarsInLog = 0;
		};
/* End PBXShellScriptBuildPhase section */

/* Begin PBXSourcesBuildPhase section */
		9D53181823057BF800EEA671 /* Sources */ = {
			isa = PBXSourcesBuildPhase;
			buildActionMask = 2147483647;
			files = (
				D120550D2305AC0F00AF0C91 /* ProfileAndSportsViewController.swift in Sources */,
				D13BAF392308BA0E0044D687 /* DAOItemsStore.swift in Sources */,
				D13BAF422308BE300044D687 /* StoreViewController.swift in Sources */,
				D13BAF3D2308BBB90044D687 /* ItemStore.swift in Sources */,
				D13BAF482308C2640044D687 /* AllItems.swift in Sources */,
				9D53182623057BF800EEA671 /* CanoingGameScene.swift in Sources */,
				D1D3B6752317568C00B7303E /* ToolbarPickerView.swift in Sources */,
				D1D3B677231756BE00B7303E /* StoreCategories.swift in Sources */,
				9D53184F2308310B00EEA671 /* CanoingFood.swift in Sources */,
				9D53182623057BF800EEA671 /* CanoingGameScene.swift in Sources */,
				9D53182823057BF800EEA671 /* GameViewController.swift in Sources */,
				D120550B2305A34E00AF0C91 /* Esporte.swift in Sources */,
				9D53182023057BF800EEA671 /* AppDelegate.swift in Sources */,
				D1D3B67D23175C1700B7303E /* StoreGameScene.swift in Sources */,
				D120550723059E4700AF0C91 /* GameCell.swift in Sources */,
				8871F402230C3240004CD4DE /* BodyMasks.swift in Sources */,
				D13BAF402308BD9F0044D687 /* ItemStoreCell.swift in Sources */,
				D12055092305A2FC00AF0C91 /* Esportes.swift in Sources */,
				9D22C4DC230AC80100C08520 /* CanoingPlayer.swift in Sources */,
				9D5318442306D75800EEA671 /* GameObject.swift in Sources */,
				9D53184D230830E100EEA671 /* SpawningFood.swift in Sources */,
				9D5318462306D8B700EEA671 /* CanoingBackground.swift in Sources */,
				D1D3B67F23175E8100B7303E /* Preferences.swift in Sources */,
				D1D3B6792317575600B7303E /* PreferencesViewController.swift in Sources */,
				D1D3B6812317F7D500B7303E /* Outfit.swift in Sources */,
				881367E02310155100CB8756 /* GameOverViewController.swift in Sources */,
				9DFBEEC8230EC88000961437 /* Model.swift in Sources */,
				9D53184A2306EBC200EEA671 /* CanoingRocks.swift in Sources */,
				9D5318482306EA0300EEA671 /* SpawningRocks.swift in Sources */,
			);
			runOnlyForDeploymentPostprocessing = 0;
		};
/* End PBXSourcesBuildPhase section */

/* Begin PBXVariantGroup section */
		881367E12310284700CB8756 /* GameOver.storyboard */ = {
			isa = PBXVariantGroup;
			children = (
				881367E22310284700CB8756 /* Base */,
			);
			name = GameOver.storyboard;
			sourceTree = "<group>";
		};
		9D53182923057BF800EEA671 /* Main.storyboard */ = {
			isa = PBXVariantGroup;
			children = (
				9D53182A23057BF800EEA671 /* Base */,
			);
			name = Main.storyboard;
			sourceTree = "<group>";
		};
		9D53182E23057BF900EEA671 /* LaunchScreen.storyboard */ = {
			isa = PBXVariantGroup;
			children = (
				9D53182F23057BF900EEA671 /* Base */,
			);
			name = LaunchScreen.storyboard;
			sourceTree = "<group>";
		};
/* End PBXVariantGroup section */

/* Begin XCBuildConfiguration section */
		9D53183223057BF900EEA671 /* Debug */ = {
			isa = XCBuildConfiguration;
			buildSettings = {
				ALWAYS_SEARCH_USER_PATHS = NO;
				CLANG_ANALYZER_NONNULL = YES;
				CLANG_ANALYZER_NUMBER_OBJECT_CONVERSION = YES_AGGRESSIVE;
				CLANG_CXX_LANGUAGE_STANDARD = "gnu++14";
				CLANG_CXX_LIBRARY = "libc++";
				CLANG_ENABLE_MODULES = YES;
				CLANG_ENABLE_OBJC_ARC = YES;
				CLANG_ENABLE_OBJC_WEAK = YES;
				CLANG_WARN_BLOCK_CAPTURE_AUTORELEASING = YES;
				CLANG_WARN_BOOL_CONVERSION = YES;
				CLANG_WARN_COMMA = YES;
				CLANG_WARN_CONSTANT_CONVERSION = YES;
				CLANG_WARN_DEPRECATED_OBJC_IMPLEMENTATIONS = YES;
				CLANG_WARN_DIRECT_OBJC_ISA_USAGE = YES_ERROR;
				CLANG_WARN_DOCUMENTATION_COMMENTS = YES;
				CLANG_WARN_EMPTY_BODY = YES;
				CLANG_WARN_ENUM_CONVERSION = YES;
				CLANG_WARN_INFINITE_RECURSION = YES;
				CLANG_WARN_INT_CONVERSION = YES;
				CLANG_WARN_NON_LITERAL_NULL_CONVERSION = YES;
				CLANG_WARN_OBJC_IMPLICIT_RETAIN_SELF = YES;
				CLANG_WARN_OBJC_LITERAL_CONVERSION = YES;
				CLANG_WARN_OBJC_ROOT_CLASS = YES_ERROR;
				CLANG_WARN_RANGE_LOOP_ANALYSIS = YES;
				CLANG_WARN_STRICT_PROTOTYPES = YES;
				CLANG_WARN_SUSPICIOUS_MOVE = YES;
				CLANG_WARN_UNGUARDED_AVAILABILITY = YES_AGGRESSIVE;
				CLANG_WARN_UNREACHABLE_CODE = YES;
				CLANG_WARN__DUPLICATE_METHOD_MATCH = YES;
				CODE_SIGN_IDENTITY = "iPhone Developer";
				COPY_PHASE_STRIP = NO;
				DEBUG_INFORMATION_FORMAT = dwarf;
				ENABLE_STRICT_OBJC_MSGSEND = YES;
				ENABLE_TESTABILITY = YES;
				GCC_C_LANGUAGE_STANDARD = gnu11;
				GCC_DYNAMIC_NO_PIC = NO;
				GCC_NO_COMMON_BLOCKS = YES;
				GCC_OPTIMIZATION_LEVEL = 0;
				GCC_PREPROCESSOR_DEFINITIONS = (
					"DEBUG=1",
					"$(inherited)",
				);
				GCC_WARN_64_TO_32_BIT_CONVERSION = YES;
				GCC_WARN_ABOUT_RETURN_TYPE = YES_ERROR;
				GCC_WARN_UNDECLARED_SELECTOR = YES;
				GCC_WARN_UNINITIALIZED_AUTOS = YES_AGGRESSIVE;
				GCC_WARN_UNUSED_FUNCTION = YES;
				GCC_WARN_UNUSED_VARIABLE = YES;
				IPHONEOS_DEPLOYMENT_TARGET = 12.4;
				MTL_ENABLE_DEBUG_INFO = INCLUDE_SOURCE;
				MTL_FAST_MATH = YES;
				ONLY_ACTIVE_ARCH = YES;
				SDKROOT = iphoneos;
				SWIFT_ACTIVE_COMPILATION_CONDITIONS = DEBUG;
				SWIFT_OPTIMIZATION_LEVEL = "-Onone";
			};
			name = Debug;
		};
		9D53183323057BF900EEA671 /* Release */ = {
			isa = XCBuildConfiguration;
			buildSettings = {
				ALWAYS_SEARCH_USER_PATHS = NO;
				CLANG_ANALYZER_NONNULL = YES;
				CLANG_ANALYZER_NUMBER_OBJECT_CONVERSION = YES_AGGRESSIVE;
				CLANG_CXX_LANGUAGE_STANDARD = "gnu++14";
				CLANG_CXX_LIBRARY = "libc++";
				CLANG_ENABLE_MODULES = YES;
				CLANG_ENABLE_OBJC_ARC = YES;
				CLANG_ENABLE_OBJC_WEAK = YES;
				CLANG_WARN_BLOCK_CAPTURE_AUTORELEASING = YES;
				CLANG_WARN_BOOL_CONVERSION = YES;
				CLANG_WARN_COMMA = YES;
				CLANG_WARN_CONSTANT_CONVERSION = YES;
				CLANG_WARN_DEPRECATED_OBJC_IMPLEMENTATIONS = YES;
				CLANG_WARN_DIRECT_OBJC_ISA_USAGE = YES_ERROR;
				CLANG_WARN_DOCUMENTATION_COMMENTS = YES;
				CLANG_WARN_EMPTY_BODY = YES;
				CLANG_WARN_ENUM_CONVERSION = YES;
				CLANG_WARN_INFINITE_RECURSION = YES;
				CLANG_WARN_INT_CONVERSION = YES;
				CLANG_WARN_NON_LITERAL_NULL_CONVERSION = YES;
				CLANG_WARN_OBJC_IMPLICIT_RETAIN_SELF = YES;
				CLANG_WARN_OBJC_LITERAL_CONVERSION = YES;
				CLANG_WARN_OBJC_ROOT_CLASS = YES_ERROR;
				CLANG_WARN_RANGE_LOOP_ANALYSIS = YES;
				CLANG_WARN_STRICT_PROTOTYPES = YES;
				CLANG_WARN_SUSPICIOUS_MOVE = YES;
				CLANG_WARN_UNGUARDED_AVAILABILITY = YES_AGGRESSIVE;
				CLANG_WARN_UNREACHABLE_CODE = YES;
				CLANG_WARN__DUPLICATE_METHOD_MATCH = YES;
				CODE_SIGN_IDENTITY = "iPhone Developer";
				COPY_PHASE_STRIP = NO;
				DEBUG_INFORMATION_FORMAT = "dwarf-with-dsym";
				ENABLE_NS_ASSERTIONS = NO;
				ENABLE_STRICT_OBJC_MSGSEND = YES;
				GCC_C_LANGUAGE_STANDARD = gnu11;
				GCC_NO_COMMON_BLOCKS = YES;
				GCC_WARN_64_TO_32_BIT_CONVERSION = YES;
				GCC_WARN_ABOUT_RETURN_TYPE = YES_ERROR;
				GCC_WARN_UNDECLARED_SELECTOR = YES;
				GCC_WARN_UNINITIALIZED_AUTOS = YES_AGGRESSIVE;
				GCC_WARN_UNUSED_FUNCTION = YES;
				GCC_WARN_UNUSED_VARIABLE = YES;
				IPHONEOS_DEPLOYMENT_TARGET = 12.4;
				MTL_ENABLE_DEBUG_INFO = NO;
				MTL_FAST_MATH = YES;
				SDKROOT = iphoneos;
				SWIFT_COMPILATION_MODE = wholemodule;
				SWIFT_OPTIMIZATION_LEVEL = "-O";
				VALIDATE_PRODUCT = YES;
			};
			name = Release;
		};
		9D53183523057BF900EEA671 /* Debug */ = {
			isa = XCBuildConfiguration;
			baseConfigurationReference = F4A700BC825E266A6C09248E /* Pods-olympicsApp.debug.xcconfig */;
			buildSettings = {
				ASSETCATALOG_COMPILER_APPICON_NAME = AppIcon;
				CODE_SIGN_STYLE = Automatic;
				DEVELOPMENT_TEAM = 725HB8W2V6;
				INFOPLIST_FILE = olympicsApp/Info.plist;
				IPHONEOS_DEPLOYMENT_TARGET = 12.2;
				LD_RUNPATH_SEARCH_PATHS = (
					"$(inherited)",
					"@executable_path/Frameworks",
				);
				PRODUCT_BUNDLE_IDENTIFIER = br.com.appledeveloperacademy.olympicsApp.olympicsApp;
				PRODUCT_NAME = "$(TARGET_NAME)";
				SWIFT_VERSION = 5.0;
				TARGETED_DEVICE_FAMILY = "1,2";
			};
			name = Debug;
		};
		9D53183623057BF900EEA671 /* Release */ = {
			isa = XCBuildConfiguration;
			baseConfigurationReference = 950BA595E2E1C2A93038B608 /* Pods-olympicsApp.release.xcconfig */;
			buildSettings = {
				ASSETCATALOG_COMPILER_APPICON_NAME = AppIcon;
				CODE_SIGN_STYLE = Automatic;
				DEVELOPMENT_TEAM = 725HB8W2V6;
				INFOPLIST_FILE = olympicsApp/Info.plist;
				IPHONEOS_DEPLOYMENT_TARGET = 12.2;
				LD_RUNPATH_SEARCH_PATHS = (
					"$(inherited)",
					"@executable_path/Frameworks",
				);
				PRODUCT_BUNDLE_IDENTIFIER = br.com.appledeveloperacademy.olympicsApp.olympicsApp;
				PRODUCT_NAME = "$(TARGET_NAME)";
				SWIFT_VERSION = 5.0;
				TARGETED_DEVICE_FAMILY = "1,2";
			};
			name = Release;
		};
/* End XCBuildConfiguration section */

/* Begin XCConfigurationList section */
		9D53181723057BF800EEA671 /* Build configuration list for PBXProject "olympicsApp" */ = {
			isa = XCConfigurationList;
			buildConfigurations = (
				9D53183223057BF900EEA671 /* Debug */,
				9D53183323057BF900EEA671 /* Release */,
			);
			defaultConfigurationIsVisible = 0;
			defaultConfigurationName = Release;
		};
		9D53183423057BF900EEA671 /* Build configuration list for PBXNativeTarget "olympicsApp" */ = {
			isa = XCConfigurationList;
			buildConfigurations = (
				9D53183523057BF900EEA671 /* Debug */,
				9D53183623057BF900EEA671 /* Release */,
			);
			defaultConfigurationIsVisible = 0;
			defaultConfigurationName = Release;
		};
/* End XCConfigurationList section */
	};
	rootObject = 9D53181423057BF800EEA671 /* Project object */;
}
